// !$*UTF8*$!
{
	archiveVersion = 1;
	classes = {
	};
	objectVersion = 48;
	objects = {

/* Begin PBXBuildFile section */
		A52783E71FFCBEE30010E58C /* AppDelegate.swift in Sources */ = {isa = PBXBuildFile; fileRef = A52783E61FFCBEE30010E58C /* AppDelegate.swift */; };
		A52783E91FFCBEE30010E58C /* ViewController.swift in Sources */ = {isa = PBXBuildFile; fileRef = A52783E81FFCBEE30010E58C /* ViewController.swift */; };
		A52783EC1FFCBEE30010E58C /* Main.storyboard in Resources */ = {isa = PBXBuildFile; fileRef = A52783EA1FFCBEE30010E58C /* Main.storyboard */; };
		A52783EE1FFCBEE30010E58C /* Assets.xcassets in Resources */ = {isa = PBXBuildFile; fileRef = A52783ED1FFCBEE30010E58C /* Assets.xcassets */; };
		A52783F11FFCBEE30010E58C /* LaunchScreen.storyboard in Resources */ = {isa = PBXBuildFile; fileRef = A52783EF1FFCBEE30010E58C /* LaunchScreen.storyboard */; };
		A52783F91FFCC2170010E58C /* PreviewViewController.swift in Sources */ = {isa = PBXBuildFile; fileRef = A52783F81FFCC2170010E58C /* PreviewViewController.swift */; };
/* End PBXBuildFile section */

/* Begin PBXFileReference section */
		A52783E31FFCBEE30010E58C /* Face1.1.app */ = {isa = PBXFileReference; explicitFileType = wrapper.application; includeInIndex = 0; path = Face1.1.app; sourceTree = BUILT_PRODUCTS_DIR; };
		A52783E61FFCBEE30010E58C /* AppDelegate.swift */ = {isa = PBXFileReference; lastKnownFileType = sourcecode.swift; path = AppDelegate.swift; sourceTree = "<group>"; };
		A52783E81FFCBEE30010E58C /* ViewController.swift */ = {isa = PBXFileReference; lastKnownFileType = sourcecode.swift; path = ViewController.swift; sourceTree = "<group>"; };
		A52783EB1FFCBEE30010E58C /* Base */ = {isa = PBXFileReference; lastKnownFileType = file.storyboard; name = Base; path = Base.lproj/Main.storyboard; sourceTree = "<group>"; };
		A52783ED1FFCBEE30010E58C /* Assets.xcassets */ = {isa = PBXFileReference; lastKnownFileType = folder.assetcatalog; path = Assets.xcassets; sourceTree = "<group>"; };
		A52783F01FFCBEE30010E58C /* Base */ = {isa = PBXFileReference; lastKnownFileType = file.storyboard; name = Base; path = Base.lproj/LaunchScreen.storyboard; sourceTree = "<group>"; };
		A52783F21FFCBEE30010E58C /* Info.plist */ = {isa = PBXFileReference; lastKnownFileType = text.plist.xml; path = Info.plist; sourceTree = "<group>"; };
		A52783F81FFCC2170010E58C /* PreviewViewController.swift */ = {isa = PBXFileReference; lastKnownFileType = sourcecode.swift; path = PreviewViewController.swift; sourceTree = "<group>"; };
/* End PBXFileReference section */

/* Begin PBXFrameworksBuildPhase section */
		A52783E01FFCBEE30010E58C /* Frameworks */ = {
			isa = PBXFrameworksBuildPhase;
			buildActionMask = 2147483647;
			files = (
			);
			runOnlyForDeploymentPostprocessing = 0;
		};
/* End PBXFrameworksBuildPhase section */

/* Begin PBXGroup section */
		A52783DA1FFCBEE30010E58C = {
			isa = PBXGroup;
			children = (
				A52783E51FFCBEE30010E58C /* Face1.1 */,
				A52783E41FFCBEE30010E58C /* Products */,
			);
			sourceTree = "<group>";
		};
		A52783E41FFCBEE30010E58C /* Products */ = {
			isa = PBXGroup;
			children = (
				A52783E31FFCBEE30010E58C /* Face1.1.app */,
			);
			name = Products;
			sourceTree = "<group>";
		};
		A52783E51FFCBEE30010E58C /* Face1.1 */ = {
			isa = PBXGroup;
			children = (
				A52783E61FFCBEE30010E58C /* AppDelegate.swift */,
				A52783E81FFCBEE30010E58C /* ViewController.swift */,
				A52783EA1FFCBEE30010E58C /* Main.storyboard */,
				A52783F81FFCC2170010E58C /* PreviewViewController.swift */,
				A52783ED1FFCBEE30010E58C /* Assets.xcassets */,
				A52783EF1FFCBEE30010E58C /* LaunchScreen.storyboard */,
				A52783F21FFCBEE30010E58C /* Info.plist */,
			);
			path = Face1.1;
			sourceTree = "<group>";
		};
/* End PBXGroup section */

/* Begin PBXNativeTarget section */
		A52783E21FFCBEE30010E58C /* Face1.1 */ = {
			isa = PBXNativeTarget;
			buildConfigurationList = A52783F51FFCBEE30010E58C /* Build configuration list for PBXNativeTarget "Face1.1" */;
			buildPhases = (
				A52783DF1FFCBEE30010E58C /* Sources */,
				A52783E01FFCBEE30010E58C /* Frameworks */,
				A52783E11FFCBEE30010E58C /* Resources */,
			);
			buildRules = (
			);
			dependencies = (
			);
			name = Face1.1;
			productName = Face1.1;
			productReference = A52783E31FFCBEE30010E58C /* Face1.1.app */;
			productType = "com.apple.product-type.application";
		};
/* End PBXNativeTarget section */

/* Begin PBXProject section */
		A52783DB1FFCBEE30010E58C /* Project object */ = {
			isa = PBXProject;
			attributes = {
				LastSwiftUpdateCheck = 0920;
				LastUpgradeCheck = 0920;
				ORGANIZATIONNAME = "刘友";
				TargetAttributes = {
					A52783E21FFCBEE30010E58C = {
						CreatedOnToolsVersion = 9.2;
						ProvisioningStyle = Automatic;
					};
				};
			};
			buildConfigurationList = A52783DE1FFCBEE30010E58C /* Build configuration list for PBXProject "Face1.1" */;
			compatibilityVersion = "Xcode 8.0";
			developmentRegion = en;
			hasScannedForEncodings = 0;
			knownRegions = (
				en,
				Base,
			);
			mainGroup = A52783DA1FFCBEE30010E58C;
			productRefGroup = A52783E41FFCBEE30010E58C /* Products */;
			projectDirPath = "";
			projectRoot = "";
			targets = (
				A52783E21FFCBEE30010E58C /* Face1.1 */,
			);
		};
/* End PBXProject section */

/* Begin PBXResourcesBuildPhase section */
		A52783E11FFCBEE30010E58C /* Resources */ = {
			isa = PBXResourcesBuildPhase;
			buildActionMask = 2147483647;
			files = (
				A52783F11FFCBEE30010E58C /* LaunchScreen.storyboard in Resources */,
				A52783EE1FFCBEE30010E58C /* Assets.xcassets in Resources */,
				A52783EC1FFCBEE30010E58C /* Main.storyboard in Resources */,
			);
			runOnlyForDeploymentPostprocessing = 0;
		};
/* End PBXResourcesBuildPhase section */

/* Begin PBXSourcesBuildPhase section */
		A52783DF1FFCBEE30010E58C /* Sources */ = {
			isa = PBXSourcesBuildPhase;
			buildActionMask = 2147483647;
			files = (
				A52783E91FFCBEE30010E58C /* ViewController.swift in Sources */,
				A52783E71FFCBEE30010E58C /* AppDelegate.swift in Sources */,
				A52783F91FFCC2170010E58C /* PreviewViewController.swift in Sources */,
			);
			runOnlyForDeploymentPostprocessing = 0;
		};
/* End PBXSourcesBuildPhase section */

/* Begin PBXVariantGroup section */
		A52783EA1FFCBEE30010E58C /* Main.storyboard */ = {
			isa = PBXVariantGroup;
			children = (
				A52783EB1FFCBEE30010E58C /* Base */,
			);
			name = Main.storyboard;
			sourceTree = "<group>";
		};
		A52783EF1FFCBEE30010E58C /* LaunchScreen.storyboard */ = {
			isa = PBXVariantGroup;
			children = (
				A52783F01FFCBEE30010E58C /* Base */,
			);
			name = LaunchScreen.storyboard;
			sourceTree = "<group>";
		};
/* End PBXVariantGroup section */

/* Begin XCBuildConfiguration section */
		A52783F31FFCBEE30010E58C /* Debug */ = {
			isa = XCBuildConfiguration;
			buildSettings = {
				ALWAYS_SEARCH_USER_PATHS = NO;
				CLANG_ANALYZER_NONNULL = YES;
				CLANG_ANALYZER_NUMBER_OBJECT_CONVERSION = YES_AGGRESSIVE;
				CLANG_CXX_LANGUAGE_STANDARD = "gnu++14";
				CLANG_CXX_LIBRARY = "libc++";
				CLANG_ENABLE_MODULES = YES;
				CLANG_ENABLE_OBJC_ARC = YES;
				CLANG_WARN_BLOCK_CAPTURE_AUTORELEASING = YES;
				CLANG_WARN_BOOL_CONVERSION = YES;
				CLANG_WARN_COMMA = YES;
				CLANG_WARN_CONSTANT_CONVERSION = YES;
				CLANG_WARN_DIRECT_OBJC_ISA_USAGE = YES_ERROR;
				CLANG_WARN_DOCUMENTATION_COMMENTS = YES;
				CLANG_WARN_EMPTY_BODY = YES;
				CLANG_WARN_ENUM_CONVERSION = YES;
				CLANG_WARN_INFINITE_RECURSION = YES;
				CLANG_WARN_INT_CONVERSION = YES;
				CLANG_WARN_NON_LITERAL_NULL_CONVERSION = YES;
				CLANG_WARN_OBJC_LITERAL_CONVERSION = YES;
				CLANG_WARN_OBJC_ROOT_CLASS = YES_ERROR;
				CLANG_WARN_RANGE_LOOP_ANALYSIS = YES;
				CLANG_WARN_STRICT_PROTOTYPES = YES;
				CLANG_WARN_SUSPICIOUS_MOVE = YES;
				CLANG_WARN_UNGUARDED_AVAILABILITY = YES_AGGRESSIVE;
				CLANG_WARN_UNREACHABLE_CODE = YES;
				CLANG_WARN__DUPLICATE_METHOD_MATCH = YES;
				CODE_SIGN_IDENTITY = "iPhone Developer";
				COPY_PHASE_STRIP = NO;
				DEBUG_INFORMATION_FORMAT = dwarf;
				ENABLE_STRICT_OBJC_MSGSEND = YES;
				ENABLE_TESTABILITY = YES;
				GCC_C_LANGUAGE_STANDARD = gnu11;
				GCC_DYNAMIC_NO_PIC = NO;
				GCC_NO_COMMON_BLOCKS = YES;
				GCC_OPTIMIZATION_LEVEL = 0;
				GCC_PREPROCESSOR_DEFINITIONS = (
					"DEBUG=1",
					"$(inherited)",
				);
				GCC_WARN_64_TO_32_BIT_CONVERSION = YES;
				GCC_WARN_ABOUT_RETURN_TYPE = YES_ERROR;
				GCC_WARN_UNDECLARED_SELECTOR = YES;
				GCC_WARN_UNINITIALIZED_AUTOS = YES_AGGRESSIVE;
				GCC_WARN_UNUSED_FUNCTION = YES;
				GCC_WARN_UNUSED_VARIABLE = YES;
				IPHONEOS_DEPLOYMENT_TARGET = 11.2;
				MTL_ENABLE_DEBUG_INFO = YES;
				ONLY_ACTIVE_ARCH = YES;
				SDKROOT = iphoneos;
				SWIFT_ACTIVE_COMPILATION_CONDITIONS = DEBUG;
				SWIFT_OPTIMIZATION_LEVEL = "-Onone";
			};
			name = Debug;
		};
		A52783F41FFCBEE30010E58C /* Release */ = {
			isa = XCBuildConfiguration;
			buildSettings = {
				ALWAYS_SEARCH_USER_PATHS = NO;
				CLANG_ANALYZER_NONNULL = YES;
				CLANG_ANALYZER_NUMBER_OBJECT_CONVERSION = YES_AGGRESSIVE;
				CLANG_CXX_LANGUAGE_STANDARD = "gnu++14";
				CLANG_CXX_LIBRARY = "libc++";
				CLANG_ENABLE_MODULES = YES;
				CLANG_ENABLE_OBJC_ARC = YES;
				CLANG_WARN_BLOCK_CAPTURE_AUTORELEASING = YES;
				CLANG_WARN_BOOL_CONVERSION = YES;
				CLANG_WARN_COMMA = YES;
				CLANG_WARN_CONSTANT_CONVERSION = YES;
				CLANG_WARN_DIRECT_OBJC_ISA_USAGE = YES_ERROR;
				CLANG_WARN_DOCUMENTATION_COMMENTS = YES;
				CLANG_WARN_EMPTY_BODY = YES;
				CLANG_WARN_ENUM_CONVERSION = YES;
				CLANG_WARN_INFINITE_RECURSION = YES;
				CLANG_WARN_INT_CONVERSION = YES;
				CLANG_WARN_NON_LITERAL_NULL_CONVERSION = YES;
				CLANG_WARN_OBJC_LITERAL_CONVERSION = YES;
				CLANG_WARN_OBJC_ROOT_CLASS = YES_ERROR;
				CLANG_WARN_RANGE_LOOP_ANALYSIS = YES;
				CLANG_WARN_STRICT_PROTOTYPES = YES;
				CLANG_WARN_SUSPICIOUS_MOVE = YES;
				CLANG_WARN_UNGUARDED_AVAILABILITY = YES_AGGRESSIVE;
				CLANG_WARN_UNREACHABLE_CODE = YES;
				CLANG_WARN__DUPLICATE_METHOD_MATCH = YES;
				CODE_SIGN_IDENTITY = "iPhone Developer";
				COPY_PHASE_STRIP = NO;
				DEBUG_INFORMATION_FORMAT = "dwarf-with-dsym";
				ENABLE_NS_ASSERTIONS = NO;
				ENABLE_STRICT_OBJC_MSGSEND = YES;
				GCC_C_LANGUAGE_STANDARD = gnu11;
				GCC_NO_COMMON_BLOCKS = YES;
				GCC_WARN_64_TO_32_BIT_CONVERSION = YES;
				GCC_WARN_ABOUT_RETURN_TYPE = YES_ERROR;
				GCC_WARN_UNDECLARED_SELECTOR = YES;
				GCC_WARN_UNINITIALIZED_AUTOS = YES_AGGRESSIVE;
				GCC_WARN_UNUSED_FUNCTION = YES;
				GCC_WARN_UNUSED_VARIABLE = YES;
				IPHONEOS_DEPLOYMENT_TARGET = 11.2;
				MTL_ENABLE_DEBUG_INFO = NO;
				SDKROOT = iphoneos;
				SWIFT_OPTIMIZATION_LEVEL = "-Owholemodule";
				VALIDATE_PRODUCT = YES;
			};
			name = Release;
		};
		A52783F61FFCBEE30010E58C /* Debug */ = {
			isa = XCBuildConfiguration;
			buildSettings = {
				ASSETCATALOG_COMPILER_APPICON_NAME = AppIcon;
				CODE_SIGN_STYLE = Automatic;
				DEVELOPMENT_TEAM = V3VP24V52V;
				INFOPLIST_FILE = Face1.1/Info.plist;
				IPHONEOS_DEPLOYMENT_TARGET = 11.0;
				LD_RUNPATH_SEARCH_PATHS = "$(inherited) @executable_path/Frameworks";
				PRODUCT_BUNDLE_IDENTIFIER = "me.Face1-1";
				PRODUCT_NAME = "$(TARGET_NAME)";
				SWIFT_VERSION = 4.0;
				TARGETED_DEVICE_FAMILY = "1,2";
			};
			name = Debug;
		};
		A52783F71FFCBEE30010E58C /* Release */ = {
			isa = XCBuildConfiguration;
			buildSettings = {
				ASSETCATALOG_COMPILER_APPICON_NAME = AppIcon;
				CODE_SIGN_STYLE = Automatic;
				DEVELOPMENT_TEAM = V3VP24V52V;
				INFOPLIST_FILE = Face1.1/Info.plist;
				IPHONEOS_DEPLOYMENT_TARGET = 11.0;
				LD_RUNPATH_SEARCH_PATHS = "$(inherited) @executable_path/Frameworks";
				PRODUCT_BUNDLE_IDENTIFIER = "me.Face1-1";
				PRODUCT_NAME = "$(TARGET_NAME)";
				SWIFT_VERSION = 4.0;
				TARGETED_DEVICE_FAMILY = "1,2";
			};
			name = Release;
		};
/* End XCBuildConfiguration section */

/* Begin XCConfigurationList section */
		A52783DE1FFCBEE30010E58C /* Build configuration list for PBXProject "Face1.1" */ = {
			isa = XCConfigurationList;
			buildConfigurations = (
				A52783F31FFCBEE30010E58C /* Debug */,
				A52783F41FFCBEE30010E58C /* Release */,
			);
			defaultConfigurationIsVisible = 0;
			defaultConfigurationName = Release;
		};
		A52783F51FFCBEE30010E58C /* Build configuration list for PBXNativeTarget "Face1.1" */ = {
			isa = XCConfigurationList;
			buildConfigurations = (
				A52783F61FFCBEE30010E58C /* Debug */,
				A52783F71FFCBEE30010E58C /* Release */,
			);
			defaultConfigurationIsVisible = 0;
			defaultConfigurationName = Release;
		};
/* End XCConfigurationList section */
	};
	rootObject = A52783DB1FFCBEE30010E58C /* Project object */;
}
